<?xml version="1.0" encoding="utf-8"?>
<Project ToolsVersion="4.0" xmlns="http://schemas.microsoft.com/developer/msbuild/2003">
  <ItemGroup>
    <ClCompile Include="..\source\vc_classic_axis\CWanted.cpp" />
    <ClCompile Include="..\source\vc_classic_axis\CWater.cpp" />
    <ClCompile Include="..\source\vc_classic_axis\CWeapon.cpp" />
    <ClCompile Include="..\source\vc_classic_axis\CWeaponEffects.cpp" />
    <ClCompile Include="..\source\vc_classic_axis\CWeaponInfo.cpp" />
    <ClCompile Include="..\source\vc_classic_axis\CWorld.cpp" />
    <ClCompile Include="..\source\vc_classic_axis\dllmain.cpp" />
    <ClCompile Include="..\source\vc_classic_axis\LimbOrientation.cpp" />
    <ClCompile Include="..\source\vc_classic_axis\RenderWare.cpp" />
    <ClCompile Include="..\source\vc_classic_axis\tHandlingData.cpp" />
    <ClCompile Include="..\source\vc_classic_axis\AnimBlendAssocGroup.cpp" />
    <ClCompile Include="..\source\vc_classic_axis\AnimBlendFrameData.cpp" />
    <ClCompile Include="..\source\vc_classic_axis\CAutomobile.cpp" />
    <ClCompile Include="..\source\vc_classic_axis\CAutoPilot.cpp" />
    <ClCompile Include="..\source\vc_classic_axis\CBaseModelInfo.cpp" />
    <ClCompile Include="..\source\vc_classic_axis\CBuilding.cpp" />
    <ClCompile Include="..\source\vc_classic_axis\CCam.cpp" />
    <ClCompile Include="..\source\vc_classic_axis\CCamera.cpp" />
    <ClCompile Include="..\source\vc_classic_axis\CCol.cpp" />
    <ClCompile Include="..\source\vc_classic_axis\CControllerConfigManager.cpp" />
    <ClCompile Include="..\source\vc_classic_axis\CCurrentVehicle.cpp" />
    <ClCompile Include="..\source\vc_classic_axis\CCutsceneHead.cpp" />
    <ClCompile Include="..\source\vc_classic_axis\CCutsceneMgr.cpp" />
    <ClCompile Include="..\source\vc_classic_axis\CCutsceneObject.cpp" />
    <ClCompile Include="..\source\vc_classic_axis\CDamageManager.cpp" />
    <ClCompile Include="..\source\vc_classic_axis\CDoor.cpp" />
    <ClCompile Include="..\source\vc_classic_axis\CDummy.cpp" />
    <ClCompile Include="..\source\vc_classic_axis\CDummyObject.cpp" />
    <ClCompile Include="..\source\vc_classic_axis\CEntity.cpp" />
    <ClCompile Include="..\source\vc_classic_axis\CEntryInfoList.cpp" />
    <ClCompile Include="..\source\vc_classic_axis\CFire.cpp" />
    <ClCompile Include="..\source\vc_classic_axis\CGeneral.cpp" />
    <ClCompile Include="..\source\vc_classic_axis\CGTAVC.cpp" />
    <ClCompile Include="..\source\vc_classic_axis\CHud.cpp" />
    <ClCompile Include="..\source\vc_classic_axis\CMatrix.cpp" />
    <ClCompile Include="..\source\vc_classic_axis\CMenuPage.cpp" />
    <ClCompile Include="..\source\vc_classic_axis\CModelInfo.cpp" />
    <ClCompile Include="..\source\vc_classic_axis\CObject.cpp" />
    <ClCompile Include="..\source\vc_classic_axis\CPad.cpp" />
    <ClCompile Include="..\source\vc_classic_axis\CPathFind.cpp" />
    <ClCompile Include="..\source\vc_classic_axis\CPathNode.cpp" />
    <ClCompile Include="..\source\vc_classic_axis\CPed.cpp" />
    <ClCompile Include="..\source\vc_classic_axis\CPedIK.cpp" />
    <ClCompile Include="..\source\vc_classic_axis\CPedStats.cpp" />
    <ClCompile Include="..\source\vc_classic_axis\CPhysical.cpp" />
    <ClCompile Include="..\source\vc_classic_axis\CPlaceable.cpp" />
    <ClCompile Include="..\source\vc_classic_axis\CPlayerInfo.cpp" />
    <ClCompile Include="..\source\vc_classic_axis\CPlayerPed.cpp" />
    <ClCompile Include="..\source\vc_classic_axis\CPtrList.cpp" />
    <ClCompile Include="..\source\vc_classic_axis\CRect.cpp" />
    <ClCompile Include="..\source\vc_classic_axis\CReference.cpp" />
    <ClCompile Include="..\source\vc_classic_axis\CRGBA.cpp" />
    <ClCompile Include="..\source\vc_classic_axis\CScene.cpp" />
    <ClCompile Include="..\source\vc_classic_axis\CSector.cpp" />
    <ClCompile Include="..\source\vc_classic_axis\CSprite.cpp" />
    <ClCompile Include="..\source\vc_classic_axis\CStoredCollPoly.cpp" />
    <ClCompile Include="..\source\vc_classic_axis\CStreaming.cpp" />
    <ClCompile Include="..\source\vc_classic_axis\CStreamingInfo.cpp" />
    <ClCompile Include="..\source\vc_classic_axis\CTimer.cpp" />
    <ClCompile Include="..\source\vc_classic_axis\CTransmission.cpp" />
    <ClCompile Include="..\source\vc_classic_axis\CTreadable.cpp" />
    <ClCompile Include="..\source\vc_classic_axis\CVector.cpp" />
    <ClCompile Include="..\source\vc_classic_axis\CVehicle.cpp" />
    <ClCompile Include="..\source\shared\Config.cpp" />
    <ClCompile Include="..\source\shared\CPatch.cpp" />
    <ClCompile Include="..\source\shared\Patterns.cpp" />
    <ClCompile Include="..\source\vc_classic_axis\CWheel.cpp" />
    <ClCompile Include="..\source\vc_classic_axis\CShadowCamera.cpp" />
    <ClCompile Include="..\source\vc_classic_axis\CCutsceneShadow.cpp" />
    <ClCompile Include="..\source\vc_classic_axis\Settings.cpp" />
  </ItemGroup>
  <ItemGroup>
    <ClInclude Include="..\source\vc_classic_axis\CWanted.h" />
    <ClInclude Include="..\source\vc_classic_axis\CWater.h" />
    <ClInclude Include="..\source\vc_classic_axis\CWeapon.h" />
    <ClInclude Include="..\source\vc_classic_axis\CWeaponEffects.h" />
    <ClInclude Include="..\source\vc_classic_axis\CWeaponInfo.h" />
    <ClInclude Include="..\source\vc_classic_axis\CWorld.h" />
    <ClInclude Include="..\source\vc_classic_axis\eBodyParts.h" />
    <ClInclude Include="..\source\vc_classic_axis\eBoneTag.h" />
    <ClInclude Include="..\source\vc_classic_axis\eCameraMode.h" />
    <ClInclude Include="..\source\vc_classic_axis\eLevelName.h" />
    <ClInclude Include="..\source\vc_classic_axis\eModelIndices.h" />
    <ClInclude Include="..\source\vc_classic_axis\eMoveState.h" />
    <ClInclude Include="..\source\vc_classic_axis\ePedNode.h" />
    <ClInclude Include="..\source\vc_classic_axis\ePedState.h" />
    <ClInclude Include="..\source\vc_classic_axis\ePedStats.h" />
    <ClInclude Include="..\source\vc_classic_axis\eVehicleFlags.h" />
    <ClInclude Include="..\source\vc_classic_axis\eWeaponType.h" />
    <ClInclude Include="..\source\vc_classic_axis\LimbOrientation.h" />
    <ClInclude Include="..\source\vc_classic_axis\RenderWare.h" />
    <ClInclude Include="..\source\vc_classic_axis\tHandlingData.h" />
    <ClInclude Include="..\source\vc_classic_axis\tTransmissionGear.h" />
    <ClInclude Include="..\source\vc_classic_axis\AnimBlendAssocGroup.h" />
    <ClInclude Include="..\source\vc_classic_axis\AnimBlendFrameData.h" />
    <ClInclude Include="..\source\vc_classic_axis\CAnimBlock.h" />
    <ClInclude Include="..\source\vc_classic_axis\CAutomobile.h" />
    <ClInclude Include="..\source\vc_classic_axis\CAutoPilot.h" />
    <ClInclude Include="..\source\vc_classic_axis\CBaseModelInfo.h" />
    <ClInclude Include="..\source\vc_classic_axis\CBuilding.h" />
    <ClInclude Include="..\source\vc_classic_axis\CCam.h" />
    <ClInclude Include="..\source\vc_classic_axis\CCamera.h" />
    <ClInclude Include="..\source\vc_classic_axis\CCol.h" />
    <ClInclude Include="..\source\vc_classic_axis\CControllerConfigManager.h" />
    <ClInclude Include="..\source\vc_classic_axis\CCurrentVehicle.h" />
    <ClInclude Include="..\source\vc_classic_axis\CCutsceneHead.h" />
    <ClInclude Include="..\source\vc_classic_axis\CCutsceneMgr.h" />
    <ClInclude Include="..\source\vc_classic_axis\CCutsceneObject.h" />
    <ClInclude Include="..\source\vc_classic_axis\CDamageManager.h" />
    <ClInclude Include="..\source\vc_classic_axis\CDoor.h" />
    <ClInclude Include="..\source\vc_classic_axis\CDummy.h" />
    <ClInclude Include="..\source\vc_classic_axis\CDummyObject.h" />
    <ClInclude Include="..\source\vc_classic_axis\CEntity.h" />
    <ClInclude Include="..\source\vc_classic_axis\CEntryInfoList.h" />
    <ClInclude Include="..\source\vc_classic_axis\CFire.h" />
    <ClInclude Include="..\source\vc_classic_axis\CGeneral.h" />
    <ClInclude Include="..\source\vc_classic_axis\CGTAVC.h" />
    <ClInclude Include="..\source\vc_classic_axis\CHud.h" />
    <ClInclude Include="..\source\vc_classic_axis\CMatrix.h" />
    <ClInclude Include="..\source\vc_classic_axis\CMenuPage.h" />
    <ClInclude Include="..\source\vc_classic_axis\CModelInfo.h" />
    <ClInclude Include="..\source\vc_classic_axis\CObject.h" />
    <ClInclude Include="..\source\vc_classic_axis\CPad.h" />
    <ClInclude Include="..\source\vc_classic_axis\CPathFind.h" />
    <ClInclude Include="..\source\vc_classic_axis\CPathNode.h" />
    <ClInclude Include="..\source\vc_classic_axis\CPed.h" />
    <ClInclude Include="..\source\vc_classic_axis\cPedComments.h" />
    <ClInclude Include="..\source\vc_classic_axis\CPedIK.h" />
    <ClInclude Include="..\source\vc_classic_axis\CPedStats.h" />
    <ClInclude Include="..\source\vc_classic_axis\CPhysical.h" />
    <ClInclude Include="..\source\vc_classic_axis\CPlaceable.h" />
    <ClInclude Include="..\source\vc_classic_axis\CPlayerInfo.h" />
    <ClInclude Include="..\source\vc_classic_axis\CPlayerPed.h" />
    <ClInclude Include="..\source\vc_classic_axis\CPlayerSkinData.h" />
    <ClInclude Include="..\source\vc_classic_axis\CPtrList.h" />
    <ClInclude Include="..\source\vc_classic_axis\CRect.h" />
    <ClInclude Include="..\source\vc_classic_axis\CReference.h" />
    <ClInclude Include="..\source\vc_classic_axis\CRGBA.h" />
    <ClInclude Include="..\source\vc_classic_axis\CScene.h" />
    <ClInclude Include="..\source\vc_classic_axis\CSector.h" />
    <ClInclude Include="..\source\vc_classic_axis\CSphere.h" />
    <ClInclude Include="..\source\vc_classic_axis\CSprite.h" />
    <ClInclude Include="..\source\vc_classic_axis\CStoredCollPoly.h" />
    <ClInclude Include="..\source\vc_classic_axis\CStreaming.h" />
    <ClInclude Include="..\source\vc_classic_axis\CStreamingInfo.h" />
    <ClInclude Include="..\source\vc_classic_axis\CTimer.h" />
    <ClInclude Include="..\source\vc_classic_axis\CTransmission.h" />
    <ClInclude Include="..\source\vc_classic_axis\CTreadable.h" />
    <ClInclude Include="..\source\vc_classic_axis\CVector.h" />
    <ClInclude Include="..\source\vc_classic_axis\CVehicle.h" />
    <ClInclude Include="..\source\shared\Config.h" />
    <ClInclude Include="..\source\shared\CPatch.h" />
    <ClInclude Include="..\source\shared\GInputAPI.h" />
    <ClInclude Include="..\source\shared\Patterns.h" />
    <ClInclude Include="..\source\vc_classic_axis\CWheel.h" />
    <ClInclude Include="..\source\vc_classic_axis\tFlyingHandlingData.h" />
    <ClInclude Include="..\source\vc_classic_axis\CCutsceneShadow.h" />
    <ClInclude Include="..\source\vc_classic_axis\CShadowCamera.h" />
    <ClInclude Include="..\source\vc_classic_axis\Settings.h" />
    <ClInclude Include="..\source\vc_classic_axis\eWaitState.h" />
  </ItemGroup>
</Project>